
Microsoft Visual Studio Solution File, Format Version 12.00
# Visual Studio Version 17
VisualStudioVersion = 17.5.33516.290
MinimumVisualStudioVersion = 10.0.40219.1
Project("{9A19103F-16F7-4668-BE54-9A1E7A4F7556}") = "SquidShopWebApp", "SquidShopWebApp\SquidShopWebApp.csproj", "{9BECEDD9-BB9A-44EF-BC84-0D023C418802}"
EndProject
Project("{FAE04EC0-301F-11D3-BF4B-00C04F79EFBC}") = "SquidShopApi", "SquidShopApi\SquidShopApi.csproj", "{BB5DEECE-A3E6-430F-B976-354B7D41B1BA}"
EndProject
Global
	GlobalSection(SolutionConfigurationPlatforms) = preSolution
		Debug|Any CPU = Debug|Any CPU
		Release|Any CPU = Release|Any CPU
	EndGlobalSection
	GlobalSection(ProjectConfigurationPlatforms) = postSolution
		{9BECEDD9-BB9A-44EF-BC84-0D023C418802}.Debug|Any CPU.ActiveCfg = Debug|Any CPU
		{9BECEDD9-BB9A-44EF-BC84-0D023C418802}.Debug|Any CPU.Build.0 = Debug|Any CPU
		{9BECEDD9-BB9A-44EF-BC84-0D023C418802}.Release|Any CPU.ActiveCfg = Release|Any CPU
		{9BECEDD9-BB9A-44EF-BC84-0D023C418802}.Release|Any CPU.Build.0 = Release|Any CPU
		{BB5DEECE-A3E6-430F-B976-354B7D41B1BA}.Debug|Any CPU.ActiveCfg = Debug|Any CPU
		{BB5DEECE-A3E6-430F-B976-354B7D41B1BA}.Debug|Any CPU.Build.0 = Debug|Any CPU
		{BB5DEECE-A3E6-430F-B976-354B7D41B1BA}.Release|Any CPU.ActiveCfg = Release|Any CPU
		{BB5DEECE-A3E6-430F-B976-354B7D41B1BA}.Release|Any CPU.Build.0 = Release|Any CPU
	EndGlobalSection
	GlobalSection(SolutionProperties) = preSolution
		HideSolutionNode = FALSE
	EndGlobalSection
	GlobalSection(ExtensibilityGlobals) = postSolution
		SolutionGuid = {20782BF6-8F0D-46C3-93F0-5A81FF31E9AA}
	EndGlobalSection
EndGlobal
